// !$*UTF8*$!
{
	archiveVersion = 1;
	classes = {
	};
	objectVersion = 56;
	objects = {

/* Begin PBXBuildFile section */
		3D1BE228293132FC00642D59 /* LevelModel.swift in Sources */ = {isa = PBXBuildFile; fileRef = 3D1BE227293132FC00642D59 /* LevelModel.swift */; };
		3D888325292BF73D0095370B /* ButtonPrefab.swift in Sources */ = {isa = PBXBuildFile; fileRef = 3D888324292BF73D0095370B /* ButtonPrefab.swift */; };
		3DB7184B292FE61300BE98FF /* Party Confetti.ttf in Resources */ = {isa = PBXBuildFile; fileRef = 3DB7184A292FE61300BE98FF /* Party Confetti.ttf */; };
		3DB7184E292FF25E00BE98FF /* TreadmillPrefab.swift in Sources */ = {isa = PBXBuildFile; fileRef = 3DB7184D292FF25E00BE98FF /* TreadmillPrefab.swift */; };
		3DB74A82291EC3470045259D /* AppDelegate.swift in Sources */ = {isa = PBXBuildFile; fileRef = 3DB74A81291EC3470045259D /* AppDelegate.swift */; };
		3DB74A84291EC3470045259D /* GameViewController.swift in Sources */ = {isa = PBXBuildFile; fileRef = 3DB74A83291EC3470045259D /* GameViewController.swift */; };
		3DB74A87291EC3470045259D /* Main.storyboard in Resources */ = {isa = PBXBuildFile; fileRef = 3DB74A85291EC3470045259D /* Main.storyboard */; };
		3DB74A8A291EC3470045259D /* LaunchScreen.storyboard in Resources */ = {isa = PBXBuildFile; fileRef = 3DB74A88291EC3470045259D /* LaunchScreen.storyboard */; };
		3DB74A8B291EC3470045259D /* Actions.sks in Resources */ = {isa = PBXBuildFile; fileRef = 3DB74A76291EC3450045259D /* Actions.sks */; };
		3DB74A8C291EC3470045259D /* GameScene.sks in Resources */ = {isa = PBXBuildFile; fileRef = 3DB74A77291EC3450045259D /* GameScene.sks */; };
		3DB74A8D291EC3470045259D /* GameScene.swift in Sources */ = {isa = PBXBuildFile; fileRef = 3DB74A78291EC3450045259D /* GameScene.swift */; };
		3DB74A8E291EC3470045259D /* Assets.xcassets in Resources */ = {isa = PBXBuildFile; fileRef = 3DB74A79291EC3470045259D /* Assets.xcassets */; };
		3DB74A99291ECA6E0045259D /* VectorUtils.swift in Sources */ = {isa = PBXBuildFile; fileRef = 3DB74A98291ECA6E0045259D /* VectorUtils.swift */; };
		3DB74A9B291ECA840045259D /* TimeUtils.swift in Sources */ = {isa = PBXBuildFile; fileRef = 3DB74A9A291ECA840045259D /* TimeUtils.swift */; };
		3DB74A9D291ECA910045259D /* AnimationUtils.swift in Sources */ = {isa = PBXBuildFile; fileRef = 3DB74A9C291ECA910045259D /* AnimationUtils.swift */; };
		3DC6D53A292D3D51003D21EC /* AudioManager.swift in Sources */ = {isa = PBXBuildFile; fileRef = 3DC6D539292D3D50003D21EC /* AudioManager.swift */; };
		3DC6D542292D6E57003D21EC /* SoundTests.swift in Sources */ = {isa = PBXBuildFile; fileRef = 3DC6D541292D6E57003D21EC /* SoundTests.swift */; };
		3DD3A534292C1377001DAC35 /* ArrayUtils.swift in Sources */ = {isa = PBXBuildFile; fileRef = 3DD3A533292C1377001DAC35 /* ArrayUtils.swift */; };
		912A54FC29390BF700026821 /* JunkData.swift in Sources */ = {isa = PBXBuildFile; fileRef = 912A54FB29390BF700026821 /* JunkData.swift */; };
		914F94642937B3AE00FF2A04 /* LevelScene.swift in Sources */ = {isa = PBXBuildFile; fileRef = 914F94632937B3AE00FF2A04 /* LevelScene.swift */; };
		914F94662937C9FB00FF2A04 /* PlayerPrefab.swift in Sources */ = {isa = PBXBuildFile; fileRef = 914F94652937C9FB00FF2A04 /* PlayerPrefab.swift */; };
		916403572937D7BD007FF497 /* PlayerMovement.swift in Sources */ = {isa = PBXBuildFile; fileRef = 916403562937D7BD007FF497 /* PlayerMovement.swift */; };
		916403592937FA20007FF497 /* LevelManager.swift in Sources */ = {isa = PBXBuildFile; fileRef = 916403582937FA20007FF497 /* LevelManager.swift */; };
		91AA1B41293833D60087F432 /* JSON in Resources */ = {isa = PBXBuildFile; fileRef = 91AA1B40293833D60087F432 /* JSON */; };
		91AA1B44293835060087F432 /* JsonUtils.swift in Sources */ = {isa = PBXBuildFile; fileRef = 91AA1B43293835060087F432 /* JsonUtils.swift */; };
		BA0259CC292D3C8F001934D6 /* Menu.sks in Resources */ = {isa = PBXBuildFile; fileRef = BA0259CB292D3C8F001934D6 /* Menu.sks */; };
		BA0259CE292D3CFC001934D6 /* Menu.swift in Sources */ = {isa = PBXBuildFile; fileRef = BA0259CD292D3CFC001934D6 /* Menu.swift */; };
		BA0259D0292D5226001934D6 /* AjustesScene.sks in Resources */ = {isa = PBXBuildFile; fileRef = BA0259CF292D5226001934D6 /* AjustesScene.sks */; };
		BA0259D2292D5240001934D6 /* AjustesScene.swift in Sources */ = {isa = PBXBuildFile; fileRef = BA0259D1292D5240001934D6 /* AjustesScene.swift */; };
		BA3BD64D29312E5F00FD0F3B /* Contador.swift in Sources */ = {isa = PBXBuildFile; fileRef = BA3BD64C29312E5F00FD0F3B /* Contador.swift */; };
		BA86537D292EB38000A199AE /* Info.sks in Resources */ = {isa = PBXBuildFile; fileRef = BA86537C292EB38000A199AE /* Info.sks */; };
		BA86537F292EB3C500A199AE /* Info.swift in Sources */ = {isa = PBXBuildFile; fileRef = BA86537E292EB3C500A199AE /* Info.swift */; };
		D4D16A79292D42CE0078F7F7 /* MovimentoPersonagem.swift in Sources */ = {isa = PBXBuildFile; fileRef = D4D16A78292D42CE0078F7F7 /* MovimentoPersonagem.swift */; };
		D4D16A7B292D43260078F7F7 /* Pink_Monster.png in Resources */ = {isa = PBXBuildFile; fileRef = D4D16A7A292D43260078F7F7 /* Pink_Monster.png */; };
		D4F5544A292FE546000D2CAF /* ClasseGenericaLixo.swift in Sources */ = {isa = PBXBuildFile; fileRef = D4F55449292FE546000D2CAF /* ClasseGenericaLixo.swift */; };
		D4F5544F293542FB000D2CAF /* MenuMudancaFase.swift in Sources */ = {isa = PBXBuildFile; fileRef = D4F5544E293542FB000D2CAF /* MenuMudancaFase.swift */; };
        BA0259CC292D3C8F001934D6 /* Menu.sks in Resources */ = {isa = PBXBuildFile; fileRef = BA0259CB292D3C8F001934D6 /* Menu.sks */; };
        BA0259CE292D3CFC001934D6 /* Menu.swift in Sources */ = {isa = PBXBuildFile; fileRef = BA0259CD292D3CFC001934D6 /* Menu.swift */; };
        BA0259D0292D5226001934D6 /* AjustesScene.sks in Resources */ = {isa = PBXBuildFile; fileRef = BA0259CF292D5226001934D6 /* AjustesScene.sks */; };
        BA0259D2292D5240001934D6 /* AjustesScene.swift in Sources */ = {isa = PBXBuildFile; fileRef = BA0259D1292D5240001934D6 /* AjustesScene.swift */; };
        BA3BD64D29312E5F00FD0F3B /* Contador.swift in Sources */ = {isa = PBXBuildFile; fileRef = BA3BD64C29312E5F00FD0F3B /* Contador.swift */; };
        BA86537D292EB38000A199AE /* Info.sks in Resources */ = {isa = PBXBuildFile; fileRef = BA86537C292EB38000A199AE /* Info.sks */; };
        BA86537F292EB3C500A199AE /* Info.swift in Sources */ = {isa = PBXBuildFile; fileRef = BA86537E292EB3C500A199AE /* Info.swift */; };
        D4D16A79292D42CE0078F7F7 /* MovimentoPersonagem.swift in Sources */ = {isa = PBXBuildFile; fileRef = D4D16A78292D42CE0078F7F7 /* MovimentoPersonagem.swift */; };
        D4D16A7B292D43260078F7F7 /* Pink_Monster.png in Resources */ = {isa = PBXBuildFile; fileRef = D4D16A7A292D43260078F7F7 /* Pink_Monster.png */; };
		
/* End PBXBuildFile section */

/* Begin PBXFileReference section */
		3D1BE227293132FC00642D59 /* LevelModel.swift */ = {isa = PBXFileReference; lastKnownFileType = sourcecode.swift; path = LevelModel.swift; sourceTree = "<group>"; };
		3D7D79FD292EC17A0023CF4A /* testMusic.wav */ = {isa = PBXFileReference; lastKnownFileType = audio.wav; path = testMusic.wav; sourceTree = "<group>"; };
		3D7D79FE292EC17A0023CF4A /* testSound2.wav */ = {isa = PBXFileReference; lastKnownFileType = audio.wav; path = testSound2.wav; sourceTree = "<group>"; };
		3D7D79FF292EC17A0023CF4A /* testMusic2.wav */ = {isa = PBXFileReference; lastKnownFileType = audio.wav; path = testMusic2.wav; sourceTree = "<group>"; };
		3D7D7A00292EC17A0023CF4A /* testSound.wav */ = {isa = PBXFileReference; lastKnownFileType = audio.wav; path = testSound.wav; sourceTree = "<group>"; };
		3D888324292BF73D0095370B /* ButtonPrefab.swift */ = {isa = PBXFileReference; lastKnownFileType = sourcecode.swift; path = ButtonPrefab.swift; sourceTree = "<group>"; };
		3DB7184A292FE61300BE98FF /* Party Confetti.ttf */ = {isa = PBXFileReference; lastKnownFileType = file; path = "Party Confetti.ttf"; sourceTree = "<group>"; };
		3DB7184C292FE71100BE98FF /* MiniChallenge002-iOS-Info.plist */ = {isa = PBXFileReference; lastKnownFileType = text.plist; path = "MiniChallenge002-iOS-Info.plist"; sourceTree = "<group>"; };
		3DB7184D292FF25E00BE98FF /* TreadmillPrefab.swift */ = {isa = PBXFileReference; lastKnownFileType = sourcecode.swift; path = TreadmillPrefab.swift; sourceTree = "<group>"; };
		3DB74A76291EC3450045259D /* Actions.sks */ = {isa = PBXFileReference; lastKnownFileType = file.sks; path = Actions.sks; sourceTree = "<group>"; };
		3DB74A77291EC3450045259D /* GameScene.sks */ = {isa = PBXFileReference; lastKnownFileType = file.sks; path = GameScene.sks; sourceTree = "<group>"; };
		3DB74A78291EC3450045259D /* GameScene.swift */ = {isa = PBXFileReference; lastKnownFileType = sourcecode.swift; path = GameScene.swift; sourceTree = "<group>"; };
		3DB74A79291EC3470045259D /* Assets.xcassets */ = {isa = PBXFileReference; lastKnownFileType = folder.assetcatalog; path = Assets.xcassets; sourceTree = "<group>"; };
		3DB74A7E291EC3470045259D /* MiniChallenge002.app */ = {isa = PBXFileReference; explicitFileType = wrapper.application; includeInIndex = 0; path = MiniChallenge002.app; sourceTree = BUILT_PRODUCTS_DIR; };
		3DB74A81291EC3470045259D /* AppDelegate.swift */ = {isa = PBXFileReference; lastKnownFileType = sourcecode.swift; path = AppDelegate.swift; sourceTree = "<group>"; };
		3DB74A83291EC3470045259D /* GameViewController.swift */ = {isa = PBXFileReference; lastKnownFileType = sourcecode.swift; path = GameViewController.swift; sourceTree = "<group>"; };
		3DB74A86291EC3470045259D /* Base */ = {isa = PBXFileReference; lastKnownFileType = file.storyboard; name = Base; path = Base.lproj/Main.storyboard; sourceTree = "<group>"; };
		3DB74A89291EC3470045259D /* Base */ = {isa = PBXFileReference; lastKnownFileType = file.storyboard; name = Base; path = Base.lproj/LaunchScreen.storyboard; sourceTree = "<group>"; };
		3DB74A98291ECA6E0045259D /* VectorUtils.swift */ = {isa = PBXFileReference; lastKnownFileType = sourcecode.swift; path = VectorUtils.swift; sourceTree = "<group>"; };
		3DB74A9A291ECA840045259D /* TimeUtils.swift */ = {isa = PBXFileReference; lastKnownFileType = sourcecode.swift; path = TimeUtils.swift; sourceTree = "<group>"; };
		3DB74A9C291ECA910045259D /* AnimationUtils.swift */ = {isa = PBXFileReference; lastKnownFileType = sourcecode.swift; path = AnimationUtils.swift; sourceTree = "<group>"; };
		3DC6D539292D3D50003D21EC /* AudioManager.swift */ = {isa = PBXFileReference; lastKnownFileType = sourcecode.swift; path = AudioManager.swift; sourceTree = "<group>"; };
		3DC6D541292D6E57003D21EC /* SoundTests.swift */ = {isa = PBXFileReference; lastKnownFileType = sourcecode.swift; path = SoundTests.swift; sourceTree = "<group>"; };
		3DD3A533292C1377001DAC35 /* ArrayUtils.swift */ = {isa = PBXFileReference; lastKnownFileType = sourcecode.swift; path = ArrayUtils.swift; sourceTree = "<group>"; };
		912A54FB29390BF700026821 /* JunkData.swift */ = {isa = PBXFileReference; lastKnownFileType = sourcecode.swift; path = JunkData.swift; sourceTree = "<group>"; };
		914F94632937B3AE00FF2A04 /* LevelScene.swift */ = {isa = PBXFileReference; lastKnownFileType = sourcecode.swift; path = LevelScene.swift; sourceTree = SOURCE_ROOT; };
		914F94652937C9FB00FF2A04 /* PlayerPrefab.swift */ = {isa = PBXFileReference; lastKnownFileType = sourcecode.swift; path = PlayerPrefab.swift; sourceTree = "<group>"; };
		916403562937D7BD007FF497 /* PlayerMovement.swift */ = {isa = PBXFileReference; lastKnownFileType = sourcecode.swift; path = PlayerMovement.swift; sourceTree = "<group>"; };
		916403582937FA20007FF497 /* LevelManager.swift */ = {isa = PBXFileReference; lastKnownFileType = sourcecode.swift; path = LevelManager.swift; sourceTree = "<group>"; };
		91AA1B40293833D60087F432 /* JSON */ = {isa = PBXFileReference; lastKnownFileType = folder; path = JSON; sourceTree = "<group>"; };
		91AA1B43293835060087F432 /* JsonUtils.swift */ = {isa = PBXFileReference; lastKnownFileType = sourcecode.swift; path = JsonUtils.swift; sourceTree = "<group>"; };
		BA0259CB292D3C8F001934D6 /* Menu.sks */ = {isa = PBXFileReference; lastKnownFileType = file.sks; path = Menu.sks; sourceTree = "<group>"; };
		BA0259CD292D3CFC001934D6 /* Menu.swift */ = {isa = PBXFileReference; lastKnownFileType = sourcecode.swift; path = Menu.swift; sourceTree = "<group>"; };
		BA0259CF292D5226001934D6 /* AjustesScene.sks */ = {isa = PBXFileReference; lastKnownFileType = file.sks; path = AjustesScene.sks; sourceTree = "<group>"; };
		BA0259D1292D5240001934D6 /* AjustesScene.swift */ = {isa = PBXFileReference; lastKnownFileType = sourcecode.swift; path = AjustesScene.swift; sourceTree = "<group>"; };
		BA3BD64C29312E5F00FD0F3B /* Contador.swift */ = {isa = PBXFileReference; lastKnownFileType = sourcecode.swift; path = Contador.swift; sourceTree = "<group>"; };
		BA86537C292EB38000A199AE /* Info.sks */ = {isa = PBXFileReference; lastKnownFileType = file.sks; path = Info.sks; sourceTree = "<group>"; };
		BA86537E292EB3C500A199AE /* Info.swift */ = {isa = PBXFileReference; lastKnownFileType = sourcecode.swift; path = Info.swift; sourceTree = "<group>"; };
		D4D16A78292D42CE0078F7F7 /* MovimentoPersonagem.swift */ = {isa = PBXFileReference; lastKnownFileType = sourcecode.swift; path = MovimentoPersonagem.swift; sourceTree = "<group>"; };
		D4D16A7A292D43260078F7F7 /* Pink_Monster.png */ = {isa = PBXFileReference; lastKnownFileType = image.png; path = Pink_Monster.png; sourceTree = "<group>"; };
		D4F55449292FE546000D2CAF /* ClasseGenericaLixo.swift */ = {isa = PBXFileReference; lastKnownFileType = sourcecode.swift; path = ClasseGenericaLixo.swift; sourceTree = "<group>"; };
		D4F5544E293542FB000D2CAF /* MenuMudancaFase.swift */ = {isa = PBXFileReference; lastKnownFileType = sourcecode.swift; name = MenuMudancaFase.swift; path = ViewModel/MenuMudancaFase.swift; sourceTree = SOURCE_ROOT; };
        BA0259CB292D3C8F001934D6 /* Menu.sks */ = {isa = PBXFileReference; lastKnownFileType = file.sks; path = Menu.sks; sourceTree = "<group>"; };
        BA0259CD292D3CFC001934D6 /* Menu.swift */ = {isa = PBXFileReference; lastKnownFileType = sourcecode.swift; path = Menu.swift; sourceTree = "<group>"; };
        BA0259CF292D5226001934D6 /* AjustesScene.sks */ = {isa = PBXFileReference; lastKnownFileType = file.sks; path = AjustesScene.sks; sourceTree = "<group>"; };
        BA0259D1292D5240001934D6 /* AjustesScene.swift */ = {isa = PBXFileReference; lastKnownFileType = sourcecode.swift; path = AjustesScene.swift; sourceTree = "<group>"; };
        BA3BD64C29312E5F00FD0F3B /* Contador.swift */ = {isa = PBXFileReference; lastKnownFileType = sourcecode.swift; path = Contador.swift; sourceTree = "<group>"; };
        BA86537C292EB38000A199AE /* Info.sks */ = {isa = PBXFileReference; lastKnownFileType = file.sks; path = Info.sks; sourceTree = "<group>"; };
        BA86537E292EB3C500A199AE /* Info.swift */ = {isa = PBXFileReference; lastKnownFileType = sourcecode.swift; path = Info.swift; sourceTree = "<group>"; };
        D4D16A78292D42CE0078F7F7 /* MovimentoPersonagem.swift */ = {isa = PBXFileReference; lastKnownFileType = sourcecode.swift; path = MovimentoPersonagem.swift; sourceTree = "<group>"; };
        D4D16A7A292D43260078F7F7 /* Pink_Monster.png */ = {isa = PBXFileReference; lastKnownFileType = image.png; path = Pink_Monster.png; sourceTree = "<group>"; };
		
/* End PBXFileReference section */

/* Begin PBXFrameworksBuildPhase section */
		3DB74A7B291EC3470045259D /* Frameworks */ = {
			isa = PBXFrameworksBuildPhase;
			buildActionMask = 2147483647;
			files = (
			);
			runOnlyForDeploymentPostprocessing = 0;
		};
/* End PBXFrameworksBuildPhase section */

/* Begin PBXGroup section */
		3D1BE2262931329200642D59 /* Level */ = {
			isa = PBXGroup;
			children = (
				3D1BE227293132FC00642D59 /* LevelModel.swift */,
				912A54FB29390BF700026821 /* JunkData.swift */,
			);
			path = Level;
			sourceTree = "<group>";
		};
		3D5CAB95293539C4001964E1 /* Player */ = {
			isa = PBXGroup;
			children = (
			);
			path = Player;
			sourceTree = "<group>";
		};
		3D5CAB96293542D0001964E1 /* Objects */ = {
			isa = PBXGroup;
			children = (
			);
			path = Objects;
			sourceTree = "<group>";
		};
		3D7D79F8292EC1590023CF4A /* Tests */ = {
			isa = PBXGroup;
			children = (
				3D7D79FD292EC17A0023CF4A /* testMusic.wav */,
				3D7D79FF292EC17A0023CF4A /* testMusic2.wav */,
				3D7D7A00292EC17A0023CF4A /* testSound.wav */,
				3D7D79FE292EC17A0023CF4A /* testSound2.wav */,
			);
			path = Tests;
			sourceTree = "<group>";
		};
		3D7D7A01292EC1AD0023CF4A /* Sprites */ = {
			isa = PBXGroup;
			children = (
				3D5CAB96293542D0001964E1 /* Objects */,
				3D5CAB95293539C4001964E1 /* Player */,
				3D7D7A02292EC1B50023CF4A /* UI */,
			);
			path = Sprites;
			sourceTree = "<group>";
		};
		3D7D7A02292EC1B50023CF4A /* UI */ = {
			isa = PBXGroup;
			children = (
			);
			path = UI;
			sourceTree = "<group>";
		};
		3D88831F292BE55F0095370B /* Scenes */ = {
			isa = PBXGroup;
			children = (
				3D888322292BED0C0095370B /* Oficials */,
				3D888321292BECEF0095370B /* Tests */,
			);
			path = Scenes;
			sourceTree = "<group>";
		};
		3D888320292BE5760095370B /* ViewControllers */ = {
			isa = PBXGroup;
			children = (
			);
			path = ViewControllers;
			sourceTree = "<group>";
		};
		3D888321292BECEF0095370B /* Tests */ = {
			isa = PBXGroup;
			children = (
				3DB74A78291EC3450045259D /* GameScene.swift */,
				3DB74A77291EC3450045259D /* GameScene.sks */,
				BA0259CB292D3C8F001934D6 /* Menu.sks */,
				BA0259CD292D3CFC001934D6 /* Menu.swift */,
				BA0259CF292D5226001934D6 /* AjustesScene.sks */,
				BA0259D1292D5240001934D6 /* AjustesScene.swift */,
				BA86537C292EB38000A199AE /* Info.sks */,
				BA86537E292EB3C500A199AE /* Info.swift */,
				BA3BD64C29312E5F00FD0F3B /* Contador.swift */,
				D4D16A78292D42CE0078F7F7 /* MovimentoPersonagem.swift */,
				3DC6D541292D6E57003D21EC /* SoundTests.swift */,
			);
			path = Tests;
			sourceTree = "<group>";
		};
		3D888322292BED0C0095370B /* Oficials */ = {
			isa = PBXGroup;
			children = (
				D4F5544E293542FB000D2CAF /* MenuMudancaFase.swift */,
				914F94632937B3AE00FF2A04 /* LevelScene.swift */,
			);
			path = Oficials;
			sourceTree = "<group>";
		};
		3D888323292BF6DE0095370B /* Prefabs */ = {
			isa = PBXGroup;
			children = (
				3D888324292BF73D0095370B /* ButtonPrefab.swift */,
				3DB7184D292FF25E00BE98FF /* TreadmillPrefab.swift */,
				D4F55449292FE546000D2CAF /* ClasseGenericaLixo.swift */,
				914F94652937C9FB00FF2A04 /* PlayerPrefab.swift */,
			);
			path = Prefabs;
			sourceTree = "<group>";
		};
		3DB71840292FE46000BE98FF /* Fonts */ = {
			isa = PBXGroup;
			children = (
				3DB7184A292FE61300BE98FF /* Party Confetti.ttf */,
			);
			path = Fonts;
			sourceTree = "<group>";
		};
		3DB74A70291EC3450045259D = {
			isa = PBXGroup;
			children = (
				91AA1B40293833D60087F432 /* JSON */,
				3DB7184C292FE71100BE98FF /* MiniChallenge002-iOS-Info.plist */,
				3DB71840292FE46000BE98FF /* Fonts */,
				3DC6D53D292D6C50003D21EC /* AssetsContent */,
				3DB74A95291EC43C0045259D /* View */,
				3DB74A96291EC4410045259D /* ViewModel */,
				3DB74A94291EC4360045259D /* Model */,
				3DB74A79291EC3470045259D /* Assets.xcassets */,
				D4D16A7A292D43260078F7F7 /* Pink_Monster.png */,
				3DB74A7F291EC3470045259D /* Products */,
			);
			sourceTree = "<group>";
		};
		3DB74A7F291EC3470045259D /* Products */ = {
			isa = PBXGroup;
			children = (
				3DB74A7E291EC3470045259D /* MiniChallenge002.app */,
			);
			name = Products;
			sourceTree = "<group>";
		};
		3DB74A80291EC3470045259D /* MiniChallenge002 iOS */ = {
			isa = PBXGroup;
			children = (
				3DB74A76291EC3450045259D /* Actions.sks */,
				3DB74A85291EC3470045259D /* Main.storyboard */,
				3DB74A88291EC3470045259D /* LaunchScreen.storyboard */,
			);
			path = "MiniChallenge002 iOS";
			sourceTree = "<group>";
		};
		3DB74A94291EC4360045259D /* Model */ = {
			isa = PBXGroup;
			children = (
				91AA1B42293834FA0087F432 /* JsonModel */,
				3D1BE2262931329200642D59 /* Level */,
				3D888323292BF6DE0095370B /* Prefabs */,
				3DB74A81291EC3470045259D /* AppDelegate.swift */,
			);
			path = Model;
			sourceTree = "<group>";
		};
		3DB74A95291EC43C0045259D /* View */ = {
			isa = PBXGroup;
			children = (
				3D888320292BE5760095370B /* ViewControllers */,
				3DB74A80291EC3470045259D /* MiniChallenge002 iOS */,
				3D88831F292BE55F0095370B /* Scenes */,
				3DB74A83291EC3470045259D /* GameViewController.swift */,
			);
			path = View;
			sourceTree = "<group>";
		};
		3DB74A96291EC4410045259D /* ViewModel */ = {
			isa = PBXGroup;
			children = (
				916403552937D7A6007FF497 /* Gameplay */,
				3DB74A9E291ECAA70045259D /* Managers */,
				3DB74A97291EC9840045259D /* Utils */,
			);
			path = ViewModel;
			sourceTree = "<group>";
		};
		3DB74A97291EC9840045259D /* Utils */ = {
			isa = PBXGroup;
			children = (
				3DB74A98291ECA6E0045259D /* VectorUtils.swift */,
				3DB74A9A291ECA840045259D /* TimeUtils.swift */,
				3DB74A9C291ECA910045259D /* AnimationUtils.swift */,
				3DD3A533292C1377001DAC35 /* ArrayUtils.swift */,
			);
			path = Utils;
			sourceTree = "<group>";
		};
		3DB74A9E291ECAA70045259D /* Managers */ = {
			isa = PBXGroup;
			children = (
				3DC6D539292D3D50003D21EC /* AudioManager.swift */,
				916403582937FA20007FF497 /* LevelManager.swift */,
			);
			path = Managers;
			sourceTree = "<group>";
		};
		3DC6D53D292D6C50003D21EC /* AssetsContent */ = {
			isa = PBXGroup;
			children = (
				3D7D7A01292EC1AD0023CF4A /* Sprites */,
				3DC6D53E292D6C60003D21EC /* Sounds */,
			);
			path = AssetsContent;
			sourceTree = "<group>";
		};
		3DC6D53E292D6C60003D21EC /* Sounds */ = {
			isa = PBXGroup;
			children = (
				3D7D79F8292EC1590023CF4A /* Tests */,
			);
			path = Sounds;
			sourceTree = "<group>";
		};
		916403552937D7A6007FF497 /* Gameplay */ = {
			isa = PBXGroup;
			children = (
				916403562937D7BD007FF497 /* PlayerMovement.swift */,
			);
			path = Gameplay;
			sourceTree = "<group>";
		};
		91AA1B42293834FA0087F432 /* JsonModel */ = {
			isa = PBXGroup;
			children = (
				91AA1B43293835060087F432 /* JsonUtils.swift */,
			);
			path = JsonModel;
			sourceTree = "<group>";
		};
/* End PBXGroup section */

/* Begin PBXNativeTarget section */
		3DB74A7D291EC3470045259D /* MiniChallenge002 iOS */ = {
			isa = PBXNativeTarget;
			buildConfigurationList = 3DB74A91291EC3470045259D /* Build configuration list for PBXNativeTarget "MiniChallenge002 iOS" */;
			buildPhases = (
				3DB74A7A291EC3470045259D /* Sources */,
				3DB74A7B291EC3470045259D /* Frameworks */,
				3DB74A7C291EC3470045259D /* Resources */,
			);
			buildRules = (
			);
			dependencies = (
			);
			name = "MiniChallenge002 iOS";
			productName = "MiniChallenge002 iOS";
			productReference = 3DB74A7E291EC3470045259D /* MiniChallenge002.app */;
			productType = "com.apple.product-type.application";
		};
/* End PBXNativeTarget section */

/* Begin PBXProject section */
		3DB74A71291EC3450045259D /* Project object */ = {
			isa = PBXProject;
			attributes = {
				BuildIndependentTargetsInParallel = 1;
				LastSwiftUpdateCheck = 1410;
				LastUpgradeCheck = 1410;
				TargetAttributes = {
					3DB74A7D291EC3470045259D = {
						CreatedOnToolsVersion = 14.1;
					};
				};
			};
			buildConfigurationList = 3DB74A74291EC3450045259D /* Build configuration list for PBXProject "MiniChallenge002" */;
			compatibilityVersion = "Xcode 14.0";
			developmentRegion = en;
			hasScannedForEncodings = 0;
			knownRegions = (
				en,
				Base,
			);
			mainGroup = 3DB74A70291EC3450045259D;
			productRefGroup = 3DB74A7F291EC3470045259D /* Products */;
			projectDirPath = "";
			projectRoot = "";
			targets = (
				3DB74A7D291EC3470045259D /* MiniChallenge002 iOS */,
			);
		};
/* End PBXProject section */

/* Begin PBXResourcesBuildPhase section */
		3DB74A7C291EC3470045259D /* Resources */ = {
			isa = PBXResourcesBuildPhase;
			buildActionMask = 2147483647;
			files = (
				3DB74A8C291EC3470045259D /* GameScene.sks in Resources */,
				BA0259D0292D5226001934D6 /* AjustesScene.sks in Resources */,
				BA86537D292EB38000A199AE /* Info.sks in Resources */,
				3D5CABAE293559AA001964E1 /* Level-008.json in Resources */,
				3DB74A87291EC3470045259D /* Main.storyboard in Resources */,
				D4D16A7B292D43260078F7F7 /* Pink_Monster.png in Resources */,
				3DB74A8B291EC3470045259D /* Actions.sks in Resources */,
				3DB74A8A291EC3470045259D /* LaunchScreen.storyboard in Resources */,
				91AA1B41293833D60087F432 /* JSON in Resources */,
				3DB7184B292FE61300BE98FF /* Party Confetti.ttf in Resources */,
				3DB74A8E291EC3470045259D /* Assets.xcassets in Resources */,
			);
			runOnlyForDeploymentPostprocessing = 0;
		};
/* End PBXResourcesBuildPhase section */

/* Begin PBXSourcesBuildPhase section */
		3DB74A7A291EC3470045259D /* Sources */ = {
			isa = PBXSourcesBuildPhase;
			buildActionMask = 2147483647;
			files = (
				D4F5544A292FE546000D2CAF /* ClasseGenericaLixo.swift in Sources */,
				3DB74A99291ECA6E0045259D /* VectorUtils.swift in Sources */,
				3D1BE228293132FC00642D59 /* LevelModel.swift in Sources */,
				91AA1B44293835060087F432 /* JsonUtils.swift in Sources */,
				3DD3A534292C1377001DAC35 /* ArrayUtils.swift in Sources */,
				3D888325292BF73D0095370B /* ButtonPrefab.swift in Sources */,
				3DB74A9B291ECA840045259D /* TimeUtils.swift in Sources */,
				3DB74A9D291ECA910045259D /* AnimationUtils.swift in Sources */,
				3DB74A8D291EC3470045259D /* GameScene.swift in Sources */,
				912A54FC29390BF700026821 /* JunkData.swift in Sources */,
				914F94662937C9FB00FF2A04 /* PlayerPrefab.swift in Sources */,
				3DB7184E292FF25E00BE98FF /* TreadmillPrefab.swift in Sources */,
				914F94642937B3AE00FF2A04 /* LevelScene.swift in Sources */,
				3DC6D53A292D3D51003D21EC /* AudioManager.swift in Sources */,
				916403592937FA20007FF497 /* LevelManager.swift in Sources */,
				D4D16A79292D42CE0078F7F7 /* MovimentoPersonagem.swift in Sources */,
				916403572937D7BD007FF497 /* PlayerMovement.swift in Sources */,
				3DB74A84291EC3470045259D /* GameViewController.swift in Sources */,
				D4F5544F293542FB000D2CAF /* MenuMudancaFase.swift in Sources */,
				3DC6D542292D6E57003D21EC /* SoundTests.swift in Sources */,
				BA86537F292EB3C500A199AE /* Info.swift in Sources */,
				BA3BD64D29312E5F00FD0F3B /* Contador.swift in Sources */,
				3DC6D542292D6E57003D21EC /* SoundTests.swift in Sources */,
				3DB74A82291EC3470045259D /* AppDelegate.swift in Sources */,
			);
			runOnlyForDeploymentPostprocessing = 0;
		};
/* End PBXSourcesBuildPhase section */

/* Begin PBXVariantGroup section */
		3DB74A85291EC3470045259D /* Main.storyboard */ = {
			isa = PBXVariantGroup;
			children = (
				3DB74A86291EC3470045259D /* Base */,
			);
			name = Main.storyboard;
			sourceTree = "<group>";
		};
		3DB74A88291EC3470045259D /* LaunchScreen.storyboard */ = {
			isa = PBXVariantGroup;
			children = (
				3DB74A89291EC3470045259D /* Base */,
			);
			name = LaunchScreen.storyboard;
			sourceTree = "<group>";
		};
/* End PBXVariantGroup section */

/* Begin XCBuildConfiguration section */
		3DB74A8F291EC3470045259D /* Debug */ = {
			isa = XCBuildConfiguration;
			buildSettings = {
				ALWAYS_SEARCH_USER_PATHS = NO;
				CLANG_ANALYZER_NONNULL = YES;
				CLANG_ANALYZER_NUMBER_OBJECT_CONVERSION = YES_AGGRESSIVE;
				CLANG_CXX_LANGUAGE_STANDARD = "gnu++20";
				CLANG_ENABLE_MODULES = YES;
				CLANG_ENABLE_OBJC_ARC = YES;
				CLANG_ENABLE_OBJC_WEAK = YES;
				CLANG_WARN_BLOCK_CAPTURE_AUTORELEASING = YES;
				CLANG_WARN_BOOL_CONVERSION = YES;
				CLANG_WARN_COMMA = YES;
				CLANG_WARN_CONSTANT_CONVERSION = YES;
				CLANG_WARN_DEPRECATED_OBJC_IMPLEMENTATIONS = YES;
				CLANG_WARN_DIRECT_OBJC_ISA_USAGE = YES_ERROR;
				CLANG_WARN_DOCUMENTATION_COMMENTS = YES;
				CLANG_WARN_EMPTY_BODY = YES;
				CLANG_WARN_ENUM_CONVERSION = YES;
				CLANG_WARN_INFINITE_RECURSION = YES;
				CLANG_WARN_INT_CONVERSION = YES;
				CLANG_WARN_NON_LITERAL_NULL_CONVERSION = YES;
				CLANG_WARN_OBJC_IMPLICIT_RETAIN_SELF = YES;
				CLANG_WARN_OBJC_LITERAL_CONVERSION = YES;
				CLANG_WARN_OBJC_ROOT_CLASS = YES_ERROR;
				CLANG_WARN_QUOTED_INCLUDE_IN_FRAMEWORK_HEADER = YES;
				CLANG_WARN_RANGE_LOOP_ANALYSIS = YES;
				CLANG_WARN_STRICT_PROTOTYPES = YES;
				CLANG_WARN_SUSPICIOUS_MOVE = YES;
				CLANG_WARN_UNGUARDED_AVAILABILITY = YES_AGGRESSIVE;
				CLANG_WARN_UNREACHABLE_CODE = YES;
				CLANG_WARN__DUPLICATE_METHOD_MATCH = YES;
				COPY_PHASE_STRIP = NO;
				DEBUG_INFORMATION_FORMAT = dwarf;
				ENABLE_STRICT_OBJC_MSGSEND = YES;
				ENABLE_TESTABILITY = YES;
				GCC_C_LANGUAGE_STANDARD = gnu11;
				GCC_DYNAMIC_NO_PIC = NO;
				GCC_NO_COMMON_BLOCKS = YES;
				GCC_OPTIMIZATION_LEVEL = 0;
				GCC_PREPROCESSOR_DEFINITIONS = (
					"DEBUG=1",
					"$(inherited)",
				);
				GCC_WARN_64_TO_32_BIT_CONVERSION = YES;
				GCC_WARN_ABOUT_RETURN_TYPE = YES_ERROR;
				GCC_WARN_UNDECLARED_SELECTOR = YES;
				GCC_WARN_UNINITIALIZED_AUTOS = YES_AGGRESSIVE;
				GCC_WARN_UNUSED_FUNCTION = YES;
				GCC_WARN_UNUSED_VARIABLE = YES;
				MTL_ENABLE_DEBUG_INFO = INCLUDE_SOURCE;
				MTL_FAST_MATH = YES;
				ONLY_ACTIVE_ARCH = YES;
				SWIFT_ACTIVE_COMPILATION_CONDITIONS = DEBUG;
				SWIFT_OPTIMIZATION_LEVEL = "-Onone";
			};
			name = Debug;
		};
		3DB74A90291EC3470045259D /* Release */ = {
			isa = XCBuildConfiguration;
			buildSettings = {
				ALWAYS_SEARCH_USER_PATHS = NO;
				CLANG_ANALYZER_NONNULL = YES;
				CLANG_ANALYZER_NUMBER_OBJECT_CONVERSION = YES_AGGRESSIVE;
				CLANG_CXX_LANGUAGE_STANDARD = "gnu++20";
				CLANG_ENABLE_MODULES = YES;
				CLANG_ENABLE_OBJC_ARC = YES;
				CLANG_ENABLE_OBJC_WEAK = YES;
				CLANG_WARN_BLOCK_CAPTURE_AUTORELEASING = YES;
				CLANG_WARN_BOOL_CONVERSION = YES;
				CLANG_WARN_COMMA = YES;
				CLANG_WARN_CONSTANT_CONVERSION = YES;
				CLANG_WARN_DEPRECATED_OBJC_IMPLEMENTATIONS = YES;
				CLANG_WARN_DIRECT_OBJC_ISA_USAGE = YES_ERROR;
				CLANG_WARN_DOCUMENTATION_COMMENTS = YES;
				CLANG_WARN_EMPTY_BODY = YES;
				CLANG_WARN_ENUM_CONVERSION = YES;
				CLANG_WARN_INFINITE_RECURSION = YES;
				CLANG_WARN_INT_CONVERSION = YES;
				CLANG_WARN_NON_LITERAL_NULL_CONVERSION = YES;
				CLANG_WARN_OBJC_IMPLICIT_RETAIN_SELF = YES;
				CLANG_WARN_OBJC_LITERAL_CONVERSION = YES;
				CLANG_WARN_OBJC_ROOT_CLASS = YES_ERROR;
				CLANG_WARN_QUOTED_INCLUDE_IN_FRAMEWORK_HEADER = YES;
				CLANG_WARN_RANGE_LOOP_ANALYSIS = YES;
				CLANG_WARN_STRICT_PROTOTYPES = YES;
				CLANG_WARN_SUSPICIOUS_MOVE = YES;
				CLANG_WARN_UNGUARDED_AVAILABILITY = YES_AGGRESSIVE;
				CLANG_WARN_UNREACHABLE_CODE = YES;
				CLANG_WARN__DUPLICATE_METHOD_MATCH = YES;
				COPY_PHASE_STRIP = NO;
				DEBUG_INFORMATION_FORMAT = "dwarf-with-dsym";
				ENABLE_NS_ASSERTIONS = NO;
				ENABLE_STRICT_OBJC_MSGSEND = YES;
				GCC_C_LANGUAGE_STANDARD = gnu11;
				GCC_NO_COMMON_BLOCKS = YES;
				GCC_WARN_64_TO_32_BIT_CONVERSION = YES;
				GCC_WARN_ABOUT_RETURN_TYPE = YES_ERROR;
				GCC_WARN_UNDECLARED_SELECTOR = YES;
				GCC_WARN_UNINITIALIZED_AUTOS = YES_AGGRESSIVE;
				GCC_WARN_UNUSED_FUNCTION = YES;
				GCC_WARN_UNUSED_VARIABLE = YES;
				MTL_ENABLE_DEBUG_INFO = NO;
				MTL_FAST_MATH = YES;
				SWIFT_COMPILATION_MODE = wholemodule;
				SWIFT_OPTIMIZATION_LEVEL = "-O";
			};
			name = Release;
		};
		3DB74A92291EC3470045259D /* Debug */ = {
			isa = XCBuildConfiguration;
			buildSettings = {
				ASSETCATALOG_COMPILER_APPICON_NAME = AppIcon;
				ASSETCATALOG_COMPILER_GLOBAL_ACCENT_COLOR_NAME = AccentColor;
				CODE_SIGN_STYLE = Automatic;
				CURRENT_PROJECT_VERSION = 1;
				DEVELOPMENT_TEAM = 66824UF4JS;
				GENERATE_INFOPLIST_FILE = YES;
				INFOPLIST_FILE = "MiniChallenge002-iOS-Info.plist";
				INFOPLIST_KEY_UIApplicationSupportsIndirectInputEvents = YES;
				INFOPLIST_KEY_UILaunchStoryboardName = LaunchScreen;
				INFOPLIST_KEY_UIMainStoryboardFile = Main;
				INFOPLIST_KEY_UIRequiresFullScreen = YES;
				INFOPLIST_KEY_UIStatusBarHidden = YES;
				INFOPLIST_KEY_UISupportedInterfaceOrientations = "UIInterfaceOrientationLandscapeLeft UIInterfaceOrientationLandscapeRight";
				IPHONEOS_DEPLOYMENT_TARGET = 16.1;
				LD_RUNPATH_SEARCH_PATHS = (
					"$(inherited)",
					"@executable_path/Frameworks",
				);
				MARKETING_VERSION = 1.0;
				PRODUCT_BUNDLE_IDENTIFIER = com.henriqueassis.MiniChallenge002;
				PRODUCT_NAME = MiniChallenge002;
				SDKROOT = iphoneos;
				SUPPORTED_PLATFORMS = "iphoneos iphonesimulator";
				SUPPORTS_MACCATALYST = NO;
				SUPPORTS_MAC_DESIGNED_FOR_IPHONE_IPAD = NO;
				SWIFT_EMIT_LOC_STRINGS = YES;
				SWIFT_VERSION = 5.0;
				TARGETED_DEVICE_FAMILY = 1;
			};
			name = Debug;
		};
		3DB74A93291EC3470045259D /* Release */ = {
			isa = XCBuildConfiguration;
			buildSettings = {
				ASSETCATALOG_COMPILER_APPICON_NAME = AppIcon;
				ASSETCATALOG_COMPILER_GLOBAL_ACCENT_COLOR_NAME = AccentColor;
				CODE_SIGN_STYLE = Automatic;
				CURRENT_PROJECT_VERSION = 1;
				DEVELOPMENT_TEAM = 66824UF4JS;
				GENERATE_INFOPLIST_FILE = YES;
				INFOPLIST_FILE = "MiniChallenge002-iOS-Info.plist";
				INFOPLIST_KEY_UIApplicationSupportsIndirectInputEvents = YES;
				INFOPLIST_KEY_UILaunchStoryboardName = LaunchScreen;
				INFOPLIST_KEY_UIMainStoryboardFile = Main;
				INFOPLIST_KEY_UIRequiresFullScreen = YES;
				INFOPLIST_KEY_UIStatusBarHidden = YES;
				INFOPLIST_KEY_UISupportedInterfaceOrientations = "UIInterfaceOrientationLandscapeLeft UIInterfaceOrientationLandscapeRight";
				IPHONEOS_DEPLOYMENT_TARGET = 16.1;
				LD_RUNPATH_SEARCH_PATHS = (
					"$(inherited)",
					"@executable_path/Frameworks",
				);
				MARKETING_VERSION = 1.0;
				PRODUCT_BUNDLE_IDENTIFIER = com.henriqueassis.MiniChallenge002;
				PRODUCT_NAME = MiniChallenge002;
				SDKROOT = iphoneos;
				SUPPORTED_PLATFORMS = "iphoneos iphonesimulator";
				SUPPORTS_MACCATALYST = NO;
				SUPPORTS_MAC_DESIGNED_FOR_IPHONE_IPAD = NO;
				SWIFT_EMIT_LOC_STRINGS = YES;
				SWIFT_VERSION = 5.0;
				TARGETED_DEVICE_FAMILY = 1;
				VALIDATE_PRODUCT = YES;
			};
			name = Release;
		};
/* End XCBuildConfiguration section */

/* Begin XCConfigurationList section */
		3DB74A74291EC3450045259D /* Build configuration list for PBXProject "MiniChallenge002" */ = {
			isa = XCConfigurationList;
			buildConfigurations = (
				3DB74A8F291EC3470045259D /* Debug */,
				3DB74A90291EC3470045259D /* Release */,
			);
			defaultConfigurationIsVisible = 0;
			defaultConfigurationName = Release;
		};
		3DB74A91291EC3470045259D /* Build configuration list for PBXNativeTarget "MiniChallenge002 iOS" */ = {
			isa = XCConfigurationList;
			buildConfigurations = (
				3DB74A92291EC3470045259D /* Debug */,
				3DB74A93291EC3470045259D /* Release */,
			);
			defaultConfigurationIsVisible = 0;
			defaultConfigurationName = Release;
		};
/* End XCConfigurationList section */
	};
	rootObject = 3DB74A71291EC3450045259D /* Project object */;
}
